
Microsoft Visual Studio Solution File, Format Version 12.00
# Visual Studio Version 17
VisualStudioVersion = 17.7.34003.232
MinimumVisualStudioVersion = 10.0.40219.1
Project("{2150E333-8FDC-42A3-9474-1A3956D46DE8}") = "projects", "projects", "{265E77E2-39CA-4E8D-92EA-757A30B2ECB8}"
EndProject
Project("{2150E333-8FDC-42A3-9474-1A3956D46DE8}") = "core", "core", "{9D310822-2529-4E06-A3B4-53CBB3230883}"
EndProject
Project("{2150E333-8FDC-42A3-9474-1A3956D46DE8}") = "tests", "tests", "{99D7924A-0B67-42F4-9127-EBA81AF02E61}"
EndProject
Project("{2150E333-8FDC-42A3-9474-1A3956D46DE8}") = "core", "core", "{E8CC497E-A5D4-4023-925A-629232771019}"
EndProject
Project("{9A19103F-16F7-4668-BE54-9A1E7A4F7556}") = "ITFCode.Core.Domain.Tests", "tests\core\ITFCode.Core.Domain.Tests\ITFCode.Core.Domain.Tests.csproj", "{F07E767C-9891-4624-B053-70842BEA334C}"
EndProject
Project("{9A19103F-16F7-4668-BE54-9A1E7A4F7556}") = "ITFCode.Core.Service", "core\ITFCode.Core.Service\ITFCode.Core.Service.csproj", "{E5BB3776-A191-40CB-B985-9A3568E703E2}"
EndProject
Project("{9A19103F-16F7-4668-BE54-9A1E7A4F7556}") = "ITFCode.Core.DTO", "core\ITFCode.Core.DTO\ITFCode.Core.DTO.csproj", "{A03041E9-EAD1-4F87-9DD3-604CED06C7C3}"
EndProject
Project("{9A19103F-16F7-4668-BE54-9A1E7A4F7556}") = "ITFCode.Core.DTO.Tests", "tests\core\ITFCode.Core.DTO.Tests\ITFCode.Core.DTO.Tests.csproj", "{FC53E849-C09E-453B-B3EC-81CFC9126B09}"
EndProject
Project("{9A19103F-16F7-4668-BE54-9A1E7A4F7556}") = "ITFCode.Core.Service.Tests", "tests\core\ITFCode.Core.Service.Tests\ITFCode.Core.Service.Tests.csproj", "{48961713-EAF0-43E6-BF77-429E92A80F56}"
EndProject
Project("{9A19103F-16F7-4668-BE54-9A1E7A4F7556}") = "ITFCode.Core.Common", "core\ITFCode.Core.Common\ITFCode.Core.Common.csproj", "{3E76904C-92E0-439F-B094-AD8DB1AF042B}"
EndProject
Project("{9A19103F-16F7-4668-BE54-9A1E7A4F7556}") = "ITFCode.Core.Domain", "core\ITFCode.Core.Domain\ITFCode.Core.Domain.csproj", "{1FAD1D1C-DCF7-4346-BAAA-4838C41BB120}"
EndProject
Project("{2150E333-8FDC-42A3-9474-1A3956D46DE8}") = "projects", "projects", "{75212993-CC42-42B2-BDE4-40FC2BDCF877}"
EndProject
Global
	GlobalSection(SolutionConfigurationPlatforms) = preSolution
		Debug|Any CPU = Debug|Any CPU
		Release|Any CPU = Release|Any CPU
	EndGlobalSection
	GlobalSection(ProjectConfigurationPlatforms) = postSolution
		{F07E767C-9891-4624-B053-70842BEA334C}.Debug|Any CPU.ActiveCfg = Debug|Any CPU
		{F07E767C-9891-4624-B053-70842BEA334C}.Debug|Any CPU.Build.0 = Debug|Any CPU
		{F07E767C-9891-4624-B053-70842BEA334C}.Release|Any CPU.ActiveCfg = Release|Any CPU
		{F07E767C-9891-4624-B053-70842BEA334C}.Release|Any CPU.Build.0 = Release|Any CPU
		{E5BB3776-A191-40CB-B985-9A3568E703E2}.Debug|Any CPU.ActiveCfg = Debug|Any CPU
		{E5BB3776-A191-40CB-B985-9A3568E703E2}.Debug|Any CPU.Build.0 = Debug|Any CPU
		{E5BB3776-A191-40CB-B985-9A3568E703E2}.Release|Any CPU.ActiveCfg = Release|Any CPU
		{E5BB3776-A191-40CB-B985-9A3568E703E2}.Release|Any CPU.Build.0 = Release|Any CPU
		{A03041E9-EAD1-4F87-9DD3-604CED06C7C3}.Debug|Any CPU.ActiveCfg = Debug|Any CPU
		{A03041E9-EAD1-4F87-9DD3-604CED06C7C3}.Debug|Any CPU.Build.0 = Debug|Any CPU
		{A03041E9-EAD1-4F87-9DD3-604CED06C7C3}.Release|Any CPU.ActiveCfg = Release|Any CPU
		{A03041E9-EAD1-4F87-9DD3-604CED06C7C3}.Release|Any CPU.Build.0 = Release|Any CPU
		{FC53E849-C09E-453B-B3EC-81CFC9126B09}.Debug|Any CPU.ActiveCfg = Debug|Any CPU
		{FC53E849-C09E-453B-B3EC-81CFC9126B09}.Debug|Any CPU.Build.0 = Debug|Any CPU
		{FC53E849-C09E-453B-B3EC-81CFC9126B09}.Release|Any CPU.ActiveCfg = Release|Any CPU
		{FC53E849-C09E-453B-B3EC-81CFC9126B09}.Release|Any CPU.Build.0 = Release|Any CPU
		{48961713-EAF0-43E6-BF77-429E92A80F56}.Debug|Any CPU.ActiveCfg = Debug|Any CPU
		{48961713-EAF0-43E6-BF77-429E92A80F56}.Debug|Any CPU.Build.0 = Debug|Any CPU
		{48961713-EAF0-43E6-BF77-429E92A80F56}.Release|Any CPU.ActiveCfg = Release|Any CPU
		{48961713-EAF0-43E6-BF77-429E92A80F56}.Release|Any CPU.Build.0 = Release|Any CPU
		{3E76904C-92E0-439F-B094-AD8DB1AF042B}.Debug|Any CPU.ActiveCfg = Debug|Any CPU
		{3E76904C-92E0-439F-B094-AD8DB1AF042B}.Debug|Any CPU.Build.0 = Debug|Any CPU
		{3E76904C-92E0-439F-B094-AD8DB1AF042B}.Release|Any CPU.ActiveCfg = Release|Any CPU
		{3E76904C-92E0-439F-B094-AD8DB1AF042B}.Release|Any CPU.Build.0 = Release|Any CPU
		{1FAD1D1C-DCF7-4346-BAAA-4838C41BB120}.Debug|Any CPU.ActiveCfg = Debug|Any CPU
		{1FAD1D1C-DCF7-4346-BAAA-4838C41BB120}.Debug|Any CPU.Build.0 = Debug|Any CPU
		{1FAD1D1C-DCF7-4346-BAAA-4838C41BB120}.Release|Any CPU.ActiveCfg = Release|Any CPU
		{1FAD1D1C-DCF7-4346-BAAA-4838C41BB120}.Release|Any CPU.Build.0 = Release|Any CPU
	EndGlobalSection
	GlobalSection(SolutionProperties) = preSolution
		HideSolutionNode = FALSE
	EndGlobalSection
	GlobalSection(NestedProjects) = preSolution
		{E8CC497E-A5D4-4023-925A-629232771019} = {99D7924A-0B67-42F4-9127-EBA81AF02E61}
		{F07E767C-9891-4624-B053-70842BEA334C} = {E8CC497E-A5D4-4023-925A-629232771019}
		{E5BB3776-A191-40CB-B985-9A3568E703E2} = {9D310822-2529-4E06-A3B4-53CBB3230883}
		{A03041E9-EAD1-4F87-9DD3-604CED06C7C3} = {9D310822-2529-4E06-A3B4-53CBB3230883}
		{FC53E849-C09E-453B-B3EC-81CFC9126B09} = {E8CC497E-A5D4-4023-925A-629232771019}
		{48961713-EAF0-43E6-BF77-429E92A80F56} = {E8CC497E-A5D4-4023-925A-629232771019}
		{3E76904C-92E0-439F-B094-AD8DB1AF042B} = {9D310822-2529-4E06-A3B4-53CBB3230883}
		{1FAD1D1C-DCF7-4346-BAAA-4838C41BB120} = {9D310822-2529-4E06-A3B4-53CBB3230883}
		{75212993-CC42-42B2-BDE4-40FC2BDCF877} = {99D7924A-0B67-42F4-9127-EBA81AF02E61}
	EndGlobalSection
	GlobalSection(ExtensibilityGlobals) = postSolution
		SolutionGuid = {8682ECBE-2051-4E7B-8CCF-C98EC852CA3B}
	EndGlobalSection
EndGlobal
